
Microsoft Visual Studio Solution File, Format Version 12.00
# Visual Studio Version 17
VisualStudioVersion = 17.14.36717.8
MinimumVisualStudioVersion = 10.0.40219.1
Project("{FAE04EC0-301F-11D3-BF4B-00C04F79EFBC}") = "projekt2_Padukh77277", "projekt2_Padukh77277.csproj", "{486A10F6-C531-4190-903D-23B9635B5AB3}"
EndProject
Global
	GlobalSection(SolutionConfigurationPlatforms) = preSolution
		Debug|Any CPU = Debug|Any CPU
		Release|Any CPU = Release|Any CPU
	EndGlobalSection
	GlobalSection(ProjectConfigurationPlatforms) = postSolution
		{486A10F6-C531-4190-903D-23B9635B5AB3}.Debug|Any CPU.ActiveCfg = Debug|Any CPU
		{486A10F6-C531-4190-903D-23B9635B5AB3}.Debug|Any CPU.Build.0 = Debug|Any CPU
		{486A10F6-C531-4190-903D-23B9635B5AB3}.Release|Any CPU.ActiveCfg = Release|Any CPU
		{486A10F6-C531-4190-903D-23B9635B5AB3}.Release|Any CPU.Build.0 = Release|Any CPU
	EndGlobalSection
	GlobalSection(SolutionProperties) = preSolution
		HideSolutionNode = FALSE
	EndGlobalSection
	GlobalSection(ExtensibilityGlobals) = postSolution
		SolutionGuid = {082D6DBD-1847-4DE6-AE56-FD4C45324965}
	EndGlobalSection
EndGlobal
